
Microsoft Visual Studio Solution File, Format Version 12.00
# Visual Studio Version 16
VisualStudioVersion = 16.0.29926.136
MinimumVisualStudioVersion = 10.0.40219.1
Project("{FAE04EC0-301F-11D3-BF4B-00C04F79EFBC}") = "checks", "checks\checks.csproj", "{AABBDC56-EBB6-46D8-BA14-F77F12CF11E0}"
EndProject
Project("{FAE04EC0-301F-11D3-BF4B-00C04F79EFBC}") = "Test", "Test\Test.csproj", "{49A91BDA-ACBA-4903-8730-81DAEB01E029}"
EndProject
Global
	GlobalSection(SolutionConfigurationPlatforms) = preSolution
		Debug|Any CPU = Debug|Any CPU
		Release|Any CPU = Release|Any CPU
	EndGlobalSection
	GlobalSection(ProjectConfigurationPlatforms) = postSolution
		{AABBDC56-EBB6-46D8-BA14-F77F12CF11E0}.Debug|Any CPU.ActiveCfg = Debug|Any CPU
		{AABBDC56-EBB6-46D8-BA14-F77F12CF11E0}.Debug|Any CPU.Build.0 = Debug|Any CPU
		{AABBDC56-EBB6-46D8-BA14-F77F12CF11E0}.Release|Any CPU.ActiveCfg = Release|Any CPU
		{AABBDC56-EBB6-46D8-BA14-F77F12CF11E0}.Release|Any CPU.Build.0 = Release|Any CPU
		{49A91BDA-ACBA-4903-8730-81DAEB01E029}.Debug|Any CPU.ActiveCfg = Debug|Any CPU
		{49A91BDA-ACBA-4903-8730-81DAEB01E029}.Debug|Any CPU.Build.0 = Debug|Any CPU
		{49A91BDA-ACBA-4903-8730-81DAEB01E029}.Release|Any CPU.ActiveCfg = Release|Any CPU
		{49A91BDA-ACBA-4903-8730-81DAEB01E029}.Release|Any CPU.Build.0 = Release|Any CPU
	EndGlobalSection
	GlobalSection(SolutionProperties) = preSolution
		HideSolutionNode = FALSE
	EndGlobalSection
	GlobalSection(ExtensibilityGlobals) = postSolution
		SolutionGuid = {1D041A26-2AAC-4D43-B128-AC5D2FE26B84}
	EndGlobalSection
EndGlobal
